{
  "object": {
    "pins": [
      {
        "package": "Starscream",
        "repositoryURL": "https://github.com/tikipatel/Starscream",
        "state": {
          "branch": "master",
          "revision": "e8b158bfe3878316ee19f3d9c154d9d5a13224ab",
          "version": null
        }
      }
    ]
  },
  "version": 1
}
